{
  "name": "astro",
  "version": "0.0.1",
  "lockfileVersion": 3,
  "requires": true,
  "packages": {
    "": {
      "name": "astro",
      "version": "0.0.1",
      "dependencies": {
        "@astrojs/react": "^4.4.1",
        "@portabletext/types": "^3.0.0",
        "@sanity/astro": "^3.2.10",
        "@sanity/client": "^7.12.1",
        "@sanity/image-url": "^1.2.0",
        "@types/react": "^19.2.2",
        "@types/react-dom": "^19.2.2",
        "astro": "^5.15.3",
        "astro-portabletext": "^0.11.3",
        "react": "^19.2.0",
        "react-dom": "^19.2.0",
        "react-is": "^19.2.0",
        "sanity": "^4.13.0",
        "styled-components": "^6.1.19"
      }
    },
    "../node_modules/.pnpm/@astrojs+react@4.4.1_@types+node@24.9.1_@types+react-dom@19.2.2_@types+react@19.2.2__@t_27e4de2d0920e46ce1496fd231e6c507/node_modules/@astrojs/react": {
      "version": "4.4.1",
      "license": "MIT",
      "dependencies": {
        "@vitejs/plugin-react": "^4.7.0",
        "ultrahtml": "^1.6.0",
        "vite": "^6.4.1"
      },
      "devDependencies": {
        "@types/react": "^18.3.24",
        "@types/react-dom": "^18.3.7",
        "astro": "5.15.2",
        "astro-scripts": "0.0.14",
        "cheerio": "1.1.2",
        "react": "^18.3.1",
        "react-dom": "^18.3.1"
      },
      "engines": {
        "node": "18.20.8 || ^20.3.0 || >=22.0.0"
      },
      "peerDependencies": {
        "@types/react": "^17.0.50 || ^18.0.21 || ^19.0.0",
        "@types/react-dom": "^17.0.17 || ^18.0.6 || ^19.0.0",
        "react": "^17.0.2 || ^18.0.0 || ^19.0.0",
        "react-dom": "^17.0.2 || ^18.0.0 || ^19.0.0"
      }
    },
    "../node_modules/.pnpm/@sanity+astro@3.2.10_@emotion+is-prop-valid@1.2.2_@sanity+client@7.12.1_@sanity+types@4_3382958b5bafd3db0317032b6f331267/node_modules/@sanity/astro": {
      "version": "3.2.10",
      "license": "MIT",
      "dependencies": {
        "@sanity/visual-editing": "^2.15.2",
        "history": "^5.3.0"
      },
      "devDependencies": {
        "@sanity/client": "^7.6.0",
        "@types/serialize-javascript": "^5.0.4",
        "astro": "5.11.1",
        "react": "^19.1.0",
        "react-dom": "^19.1.0",
        "sanity": "^4.0.0",
        "serialize-javascript": "^6.0.2",
        "type-fest": "^4.41.0",
        "vite": "^6.2.0",
        "vite-plugin-dts": "^4.5.4"
      },
      "engines": {
        "node": ">=18.14.1"
      },
      "peerDependencies": {
        "@sanity/client": "^7.6.0",
        "astro": "^2.0.0 || ^3.0.0 || ^4.0.0 || ^5.0.0",
        "react": "^18.2.0 || ^19.0.0",
        "react-dom": "^18.2.0 || ^19.0.0",
        "react-is": "^18.2.0 || ^19.0.0",
        "sanity": "^3.99.0 || ^4.0.0",
        "styled-components": "^6.1.19"
      }
    },
    "../node_modules/.pnpm/@sanity+client@7.12.1_debug@4.4.3/node_modules/@sanity/client": {
      "version": "7.12.1",
      "license": "MIT",
      "dependencies": {
        "@sanity/eventsource": "^5.0.2",
        "get-it": "^8.6.9",
        "nanoid": "^3.3.11",
        "rxjs": "^7.0.0"
      },
      "devDependencies": {
        "@edge-runtime/types": "^4.0.0",
        "@edge-runtime/vm": "^5.0.0",
        "@eslint/eslintrc": "^3.3.1",
        "@eslint/js": "^9.24.0",
        "@rollup/plugin-commonjs": "^28.0.3",
        "@rollup/plugin-node-resolve": "^16.0.1",
        "@sanity/client-latest": "npm:@sanity/client@latest",
        "@sanity/pkg-utils": "^7.2.2",
        "@types/json-diff": "^1.0.3",
        "@types/node": "^22.9.0",
        "@typescript-eslint/eslint-plugin": "^8.29.1",
        "@typescript-eslint/parser": "^8.29.1",
        "@vercel/stega": "0.1.2",
        "@vitest/coverage-v8": "3.1.1",
        "eslint": "^9.24.0",
        "eslint-config-prettier": "^10.1.1",
        "eslint-formatter-compact": "^8.40.0",
        "eslint-plugin-prettier": "^5.2.6",
        "eslint-plugin-simple-import-sort": "^12.1.1",
        "eslint-plugin-tsdoc": "^0.4.0",
        "eslint-plugin-unused-imports": "^4.1.4",
        "globals": "^16.0.0",
        "happy-dom": "^12.10.3",
        "json-diff": "^1.0.6",
        "ls-engines": "^0.9.3",
        "msw": "^2.7.3",
        "next": "^15.3.0",
        "nock": "^13.5.6",
        "prettier": "^3.5.3",
        "prettier-plugin-packagejson": "^2.5.10",
        "rimraf": "^5.0.7",
        "rollup": "^4.39.0",
        "sse-channel": "^4.0.0",
        "terser": "^5.39.0",
        "typescript": "5.8.3",
        "vitest": "3.1.1"
      },
      "engines": {
        "node": ">=20"
      }
    },
    "../node_modules/.pnpm/@types+react-dom@19.2.2_@types+react@19.2.2/node_modules/@types/react-dom": {
      "version": "19.2.2",
      "license": "MIT",
      "peerDependencies": {
        "@types/react": "^19.2.0"
      }
    },
    "../node_modules/.pnpm/@types+react@19.2.2/node_modules/@types/react": {
      "version": "19.2.2",
      "license": "MIT",
      "dependencies": {
        "csstype": "^3.0.2"
      }
    },
    "../node_modules/.pnpm/astro@5.15.3_@types+node@24.9.1_jiti@2.6.1_rollup@4.52.5_typescript@5.9.3_yaml@2.8.1/node_modules/astro": {
      "version": "5.15.3",
      "license": "MIT",
      "dependencies": {
        "@astrojs/compiler": "^2.12.2",
        "@astrojs/internal-helpers": "0.7.4",
        "@astrojs/markdown-remark": "6.3.8",
        "@astrojs/telemetry": "3.3.0",
        "@capsizecss/unpack": "^3.0.0",
        "@oslojs/encoding": "^1.1.0",
        "@rollup/pluginutils": "^5.2.0",
        "acorn": "^8.15.0",
        "aria-query": "^5.3.2",
        "axobject-query": "^4.1.0",
        "boxen": "8.0.1",
        "ci-info": "^4.3.0",
        "clsx": "^2.1.1",
        "common-ancestor-path": "^1.0.1",
        "cookie": "^1.0.2",
        "cssesc": "^3.0.0",
        "debug": "^4.4.1",
        "deterministic-object-hash": "^2.0.2",
        "devalue": "^5.3.2",
        "diff": "^5.2.0",
        "dlv": "^1.1.3",
        "dset": "^3.1.4",
        "es-module-lexer": "^1.7.0",
        "esbuild": "^0.25.0",
        "estree-walker": "^3.0.3",
        "flattie": "^1.1.1",
        "fontace": "~0.3.0",
        "github-slugger": "^2.0.0",
        "html-escaper": "3.0.3",
        "http-cache-semantics": "^4.2.0",
        "import-meta-resolve": "^4.2.0",
        "js-yaml": "^4.1.0",
        "magic-string": "^0.30.18",
        "magicast": "^0.3.5",
        "mrmime": "^2.0.1",
        "neotraverse": "^0.6.18",
        "p-limit": "^6.2.0",
        "p-queue": "^8.1.0",
        "package-manager-detector": "^1.3.0",
        "picocolors": "^1.1.1",
        "picomatch": "^4.0.3",
        "prompts": "^2.4.2",
        "rehype": "^13.0.2",
        "semver": "^7.7.2",
        "shiki": "^3.12.0",
        "smol-toml": "^1.4.2",
        "tinyexec": "^1.0.1",
        "tinyglobby": "^0.2.14",
        "tsconfck": "^3.1.6",
        "ultrahtml": "^1.6.0",
        "unifont": "~0.6.0",
        "unist-util-visit": "^5.0.0",
        "unstorage": "^1.17.0",
        "vfile": "^6.0.3",
        "vite": "^6.4.1",
        "vitefu": "^1.1.1",
        "xxhash-wasm": "^1.1.0",
        "yargs-parser": "^21.1.1",
        "yocto-spinner": "^0.2.3",
        "zod": "^3.25.76",
        "zod-to-json-schema": "^3.24.6",
        "zod-to-ts": "^1.2.0"
      },
      "bin": {
        "astro": "astro.js"
      },
      "devDependencies": {
        "@astrojs/check": "0.9.5",
        "@playwright/test": "1.51.1",
        "@types/aria-query": "^5.0.4",
        "@types/common-ancestor-path": "^1.0.2",
        "@types/cssesc": "^3.0.2",
        "@types/debug": "^4.1.12",
        "@types/diff": "^5.2.3",
        "@types/dlv": "^1.1.5",
        "@types/hast": "^3.0.4",
        "@types/html-escaper": "3.0.4",
        "@types/http-cache-semantics": "^4.0.4",
        "@types/js-yaml": "^4.0.9",
        "@types/picomatch": "^3.0.2",
        "@types/prompts": "^2.4.9",
        "@types/semver": "^7.7.0",
        "@types/yargs-parser": "^21.0.3",
        "astro-scripts": "0.0.14",
        "cheerio": "1.1.2",
        "eol": "^0.10.0",
        "execa": "^8.0.1",
        "expect-type": "^1.2.2",
        "fs-fixture": "^2.8.1",
        "mdast-util-mdx": "^3.0.0",
        "mdast-util-mdx-jsx": "^3.2.0",
        "node-mocks-http": "^1.17.2",
        "parse-srcset": "^1.0.2",
        "rehype-autolink-headings": "^7.1.0",
        "rehype-slug": "^6.0.0",
        "rehype-toc": "^3.0.2",
        "remark-code-titles": "^0.1.2",
        "rollup": "^4.50.0",
        "sass": "^1.91.0",
        "typescript": "^5.9.2",
        "undici": "^6.21.3",
        "unified": "^11.0.5",
        "vitest": "^3.2.4"
      },
      "engines": {
        "node": "18.20.8 || ^20.3.0 || >=22.0.0",
        "npm": ">=9.6.5",
        "pnpm": ">=7.1.0"
      },
      "funding": {
        "type": "opencollective",
        "url": "https://opencollective.com/astrodotbuild"
      },
      "optionalDependencies": {
        "sharp": "^0.34.0"
      }
    },
    "../node_modules/.pnpm/react-dom@19.2.0_react@19.2.0/node_modules/react-dom": {
      "version": "19.2.0",
      "license": "MIT",
      "dependencies": {
        "scheduler": "^0.27.0"
      },
      "peerDependencies": {
        "react": "^19.2.0"
      }
    },
    "../node_modules/.pnpm/react-is@19.2.0/node_modules/react-is": {
      "version": "19.2.0",
      "license": "MIT"
    },
    "../node_modules/.pnpm/react@19.2.0/node_modules/react": {
      "version": "19.2.0",
      "license": "MIT",
      "engines": {
        "node": ">=0.10.0"
      }
    },
    "../node_modules/.pnpm/sanity@4.13.0_@emotion+is-prop-valid@1.2.2_@portabletext+sanity-bridge@1.1.17_@sanity+s_a72fdade3400cb57d2fd0c59ce822cbe/node_modules/sanity": {
      "version": "4.13.0",
      "license": "MIT",
      "dependencies": {
        "@dnd-kit/core": "^6.3.1",
        "@dnd-kit/modifiers": "^6.0.1",
        "@dnd-kit/sortable": "^7.0.2",
        "@dnd-kit/utilities": "^3.2.2",
        "@isaacs/ttlcache": "^1.4.1",
        "@juggle/resize-observer": "^3.4.0",
        "@mux/mux-player-react": "^3.6.0",
        "@portabletext/block-tools": "^3.5.13",
        "@portabletext/editor": "^2.16.0",
        "@portabletext/patches": "^1.1.8",
        "@portabletext/react": "^4.0.3",
        "@portabletext/toolkit": "^3.0.1",
        "@rexxars/react-json-inspector": "^9.0.1",
        "@sanity/asset-utils": "^2.3.0",
        "@sanity/bifur-client": "^0.4.1",
        "@sanity/cli": "4.13.0",
        "@sanity/client": "^7.12.0",
        "@sanity/color": "^3.0.6",
        "@sanity/comlink": "^4.0.0",
        "@sanity/diff": "4.13.0",
        "@sanity/diff-match-patch": "^3.2.0",
        "@sanity/diff-patch": "^5.0.0",
        "@sanity/eventsource": "^5.0.2",
        "@sanity/export": "^4.0.1",
        "@sanity/icons": "^3.7.4",
        "@sanity/id-utils": "^1.0.0",
        "@sanity/image-url": "^1.2.0",
        "@sanity/import": "^3.38.3",
        "@sanity/insert-menu": "^2.1.0",
        "@sanity/logos": "^2.2.2",
        "@sanity/media-library-types": "^1.0.1",
        "@sanity/message-protocol": "^0.17.2",
        "@sanity/migrate": "4.13.0",
        "@sanity/mutator": "4.13.0",
        "@sanity/presentation-comlink": "^2.0.0",
        "@sanity/preview-url-secret": "^2.1.15",
        "@sanity/schema": "4.13.0",
        "@sanity/sdk": "2.1.2",
        "@sanity/telemetry": "^0.8.0",
        "@sanity/types": "4.13.0",
        "@sanity/ui": "^3.1.5",
        "@sanity/util": "4.13.0",
        "@sanity/uuid": "^3.0.2",
        "@sentry/react": "^8.55.0",
        "@tanstack/react-table": "^8.21.3",
        "@tanstack/react-virtual": "^3.13.12",
        "@types/react-is": "^19.0.0",
        "@types/shallow-equals": "^1.0.3",
        "@types/speakingurl": "^13.0.6",
        "@types/tar-stream": "^3.1.4",
        "@types/use-sync-external-store": "^1.5.0",
        "@types/which": "^3.0.4",
        "@vitejs/plugin-react": "^4.6.0",
        "@xstate/react": "^6.0.0",
        "archiver": "^7.0.1",
        "arrify": "^2.0.1",
        "async-mutex": "^0.5.0",
        "chalk": "^4.1.2",
        "chokidar": "^3.6.0",
        "classnames": "^2.2.5",
        "color2k": "^2.0.3",
        "configstore": "^5.0.1",
        "console-table-printer": "^2.14.6",
        "dataloader": "^2.2.3",
        "date-fns": "^2.30.0",
        "debug": "^4.4.3",
        "esbuild": "0.25.11",
        "esbuild-register": "^3.6.0",
        "execa": "^2.1.0",
        "exif-component": "^1.0.1",
        "fast-deep-equal": "3.1.3",
        "form-data": "^4.0.4",
        "framer-motion": "^12.23.24",
        "get-it": "^8.6.10",
        "groq-js": "^1.20.0",
        "gunzip-maybe": "^1.4.2",
        "history": "^5.3.0",
        "i18next": "^23.16.8",
        "import-fresh": "^3.3.1",
        "is-hotkey-esm": "^1.0.0",
        "is-tar": "^1.0.0",
        "isomorphic-dompurify": "^2.26.0",
        "jsdom": "^26.1.0",
        "jsdom-global": "^3.0.2",
        "json-lexer": "^1.2.0",
        "json-reduce": "^3.0.0",
        "json5": "^2.2.3",
        "lodash": "^4.17.21",
        "log-symbols": "^2.2.0",
        "mendoza": "^3.0.8",
        "module-alias": "^2.2.3",
        "nano-pubsub": "^3.0.0",
        "nanoid": "^3.3.11",
        "node-html-parser": "^6.1.13",
        "observable-callback": "^1.0.3",
        "oneline": "^1.0.4",
        "open": "^8.4.2",
        "p-map": "^7.0.0",
        "path-to-regexp": "^6.3.0",
        "peek-stream": "^1.1.3",
        "pirates": "^4.0.7",
        "player.style": "^0.1.9",
        "pluralize-esm": "^9.0.5",
        "polished": "^4.3.1",
        "preferred-pm": "^4.1.1",
        "pretty-ms": "^7.0.1",
        "quick-lru": "^5.1.1",
        "raf": "^3.4.1",
        "react-compiler-runtime": "19.1.0-rc.3",
        "react-fast-compare": "^3.2.2",
        "react-focus-lock": "^2.13.6",
        "react-i18next": "15.6.1",
        "react-is": "^19.1.1",
        "react-refractor": "^4.0.0",
        "react-rx": "^4.2.2",
        "read-pkg-up": "^7.0.1",
        "refractor": "^5.0.0",
        "resolve-from": "^5.0.0",
        "resolve.exports": "^2.0.3",
        "rimraf": "^5.0.10",
        "rxjs": "^7.8.2",
        "rxjs-exhaustmap-with-trailing": "^2.1.1",
        "rxjs-mergemap-array": "^0.1.0",
        "scroll-into-view-if-needed": "^3.1.0",
        "scrollmirror": "^1.2.4",
        "semver": "^7.7.2",
        "shallow-equals": "^1.0.0",
        "speakingurl": "^14.0.1",
        "tar-fs": "^2.1.3",
        "tar-stream": "^3.1.7",
        "tinyglobby": "^0.2.14",
        "urlpattern-polyfill": "10.1.0",
        "use-device-pixel-ratio": "^1.1.2",
        "use-effect-event": "^2.0.3",
        "use-hot-module-reload": "^2.0.0",
        "use-sync-external-store": "^1.6.0",
        "uuid": "^11.1.0",
        "vite": "^7.1.7",
        "which": "^5.0.0",
        "xstate": "^5.23.0",
        "yargs": "^17.7.2"
      },
      "bin": {
        "sanity": "bin/sanity"
      },
      "devDependencies": {
        "@playwright/experimental-ct-react": "1.56.1",
        "@playwright/test": "1.56.1",
        "@repo/dev-aliases": "4.13.0",
        "@repo/eslint-config": "4.13.0",
        "@repo/package.bundle": "4.13.0",
        "@repo/package.config": "4.13.0",
        "@repo/test-config": "4.13.0",
        "@repo/tsconfig": "4.13.0",
        "@sanity/codegen": "4.13.0",
        "@sanity/descriptors": "^1.1.1",
        "@sanity/eslint-config-i18n": "^2.0.0",
        "@sanity/generate-help-url": "^3.0.0",
        "@sanity/pkg-utils": "^8.1.13",
        "@sanity/ui-workshop": "^3.1.2",
        "@sanity/visual-editing-csm": "^2.0.26",
        "@sentry/types": "^8.55.0",
        "@testing-library/jest-dom": "^6.6.4",
        "@testing-library/react": "^16.3.0",
        "@testing-library/user-event": "^13.5.0",
        "@types/archiver": "^6.0.3",
        "@types/configstore": "^5.0.1",
        "@types/debug": "^4.1.12",
        "@types/gunzip-maybe": "^1.4.2",
        "@types/jsdom": "27.0.0",
        "@types/lodash": "^4.17.20",
        "@types/log-symbols": "^2.0.0",
        "@types/node": "^24.3.0",
        "@types/raf": "^3.4.3",
        "@types/react": "^19.1.9",
        "@types/react-dom": "^19.1.7",
        "@types/semver": "^7.7.0",
        "@types/tar-fs": "^2.0.4",
        "@types/wicg-task-scheduling": "^2024.1.0",
        "@types/yargs": "^17.0.33",
        "@vitest/expect": "^3.2.4",
        "babel-plugin-react-compiler": "19.1.0-rc.3",
        "blob-polyfill": "^9.0.20240710",
        "date-fns-tz": "2.0.1",
        "eslint": "^9.37.0",
        "eslint-plugin-boundaries": "^5.1.0",
        "globals": "^16.2.0",
        "react": "^19.1.1",
        "react-dom": "^19.1.1",
        "rxjs-etc": "^10.6.2",
        "styled-components": "^6.1.18",
        "swr": "2.2.5",
        "vitest": "^3.2.4",
        "vitest-package-exports": "^0.1.1"
      },
      "engines": {
        "node": ">=20.19 <22 || >=22.12"
      },
      "peerDependencies": {
        "react": "^18 || ^19",
        "react-dom": "^18 || ^19",
        "styled-components": "^6.1.15"
      }
    },
    "../node_modules/.pnpm/styled-components@6.1.19_react-dom@19.2.0_react@19.2.0__react@19.2.0/node_modules/styled-components": {
      "version": "6.1.19",
      "license": "MIT",
      "dependencies": {
        "@emotion/is-prop-valid": "1.2.2",
        "@emotion/unitless": "0.8.1",
        "@types/stylis": "4.2.5",
        "css-to-react-native": "3.2.0",
        "csstype": "3.1.3",
        "postcss": "8.4.49",
        "shallowequal": "1.1.0",
        "stylis": "4.3.2",
        "tslib": "2.6.2"
      },
      "devDependencies": {
        "@babel/core": "7.24.5",
        "@babel/helper-module-imports": "7.24.3",
        "@babel/plugin-external-helpers": "7.24.1",
        "@babel/plugin-proposal-class-properties": "7.18.6",
        "@babel/plugin-proposal-object-rest-spread": "7.20.7",
        "@babel/plugin-transform-flow-strip-types": "7.24.1",
        "@babel/preset-env": "7.24.5",
        "@babel/preset-react": "7.24.1",
        "@babel/preset-typescript": "7.24.1",
        "@rollup/plugin-typescript": "11.1.6",
        "@types/enzyme": "3.10.18",
        "@types/jest": "29.5.12",
        "@types/js-beautify": "1.14.3",
        "@types/node": "18.19.31",
        "@types/react": "17.0.80",
        "@types/react-dom": "17.0.25",
        "@types/react-frame-component": "4.1.6",
        "@types/react-native": "0.69.26",
        "@types/react-test-renderer": "17.0.9",
        "@types/shallowequal": "1.1.5",
        "babel-jest": "29.7.0",
        "babel-plugin-add-module-exports": "1.0.4",
        "babel-plugin-styled-components": "2.1.4",
        "babel-plugin-tester": "10.1.0",
        "bundlewatch": "0.3.3",
        "jest": "29.7.0",
        "jest-environment-jsdom": "29.7.0",
        "jest-serializer-html": "7.1.0",
        "jest-watch-typeahead": "2.2.2",
        "js-beautify": "1.15.1",
        "prettier": "3.2.5",
        "prop-types": "15.8.1",
        "react": "17.0.2",
        "react-dom": "17.0.2",
        "react-frame-component": "4.1.3",
        "react-native": "0.70.15",
        "react-test-renderer": "17.0.2",
        "rollup": "3.29.4",
        "rollup-plugin-commonjs": "10.1.0",
        "rollup-plugin-json": "4.0.0",
        "rollup-plugin-node-resolve": "5.2.0",
        "rollup-plugin-replace": "2.2.0",
        "rollup-plugin-sourcemaps": "0.6.3",
        "rollup-plugin-terser": "7.0.2",
        "stylis-plugin-rtl": "2.1.1",
        "ts-toolbelt": "9.6.0",
        "typescript": "5.4.5"
      },
      "engines": {
        "node": ">= 16"
      },
      "funding": {
        "type": "opencollective",
        "url": "https://opencollective.com/styled-components"
      },
      "peerDependencies": {
        "react": ">= 16.8.0",
        "react-dom": ">= 16.8.0"
      }
    },
    "node_modules/@astrojs/react": {
      "resolved": "../node_modules/.pnpm/@astrojs+react@4.4.1_@types+node@24.9.1_@types+react-dom@19.2.2_@types+react@19.2.2__@t_27e4de2d0920e46ce1496fd231e6c507/node_modules/@astrojs/react",
      "link": true
    },
    "node_modules/@portabletext/toolkit": {
      "version": "3.0.3",
      "resolved": "https://registry.npmjs.org/@portabletext/toolkit/-/toolkit-3.0.3.tgz",
      "integrity": "sha512-EI59/l4E0E5wCyWUzvW1FPKWfqDsbebCnCf9ZDHjXGH95X4EORlCtnPuA79PpKaHv0LTChORy55trRzW6tYnOQ==",
      "license": "MIT",
      "dependencies": {
        "@portabletext/types": "^2.0.15"
      },
      "engines": {
        "node": "^14.13.1 || >=16.0.0"
      }
    },
    "node_modules/@portabletext/toolkit/node_modules/@portabletext/types": {
      "version": "2.0.15",
      "resolved": "https://registry.npmjs.org/@portabletext/types/-/types-2.0.15.tgz",
      "integrity": "sha512-2e6i2gSQsrA/5OL5Gm4/9bxB9MNO73Fa47zj+0mT93xkoQUCGCWX5fZh1YBJ86hszaRYlqvqG08oULxvvPPp/Q==",
      "license": "MIT",
      "engines": {
        "node": "^14.13.1 || >=16.0.0 || >=18.0.0"
      }
    },
    "node_modules/@portabletext/types": {
      "version": "3.0.0",
      "resolved": "https://registry.npmjs.org/@portabletext/types/-/types-3.0.0.tgz",
      "integrity": "sha512-7U8+bFcnguNtXr4rwMDj0EvJJDRzLaaof2mQqCjUcqxuuJpAppFaATZgrKmPI1uBgtFMi4unk1nIaOOmLHrX8Q==",
      "license": "MIT",
      "engines": {
        "node": ">=20.19 <22 || >=22.12"
      }
    },
    "node_modules/@sanity/astro": {
      "resolved": "../node_modules/.pnpm/@sanity+astro@3.2.10_@emotion+is-prop-valid@1.2.2_@sanity+client@7.12.1_@sanity+types@4_3382958b5bafd3db0317032b6f331267/node_modules/@sanity/astro",
      "link": true
    },
    "node_modules/@sanity/client": {
      "resolved": "../node_modules/.pnpm/@sanity+client@7.12.1_debug@4.4.3/node_modules/@sanity/client",
      "link": true
    },
    "node_modules/@sanity/image-url": {
      "version": "1.2.0",
      "resolved": "https://registry.npmjs.org/@sanity/image-url/-/image-url-1.2.0.tgz",
      "integrity": "sha512-pYRhti+lDi22it+npWXkEGuYyzbXJLF+d0TYLiyWbKu46JHhYhTDKkp6zmGu4YKF5cXUjT6pnUjFsaf2vlB9nQ==",
      "license": "MIT",
      "engines": {
        "node": ">=10.0.0"
      }
    },
    "node_modules/@types/react": {
      "resolved": "../node_modules/.pnpm/@types+react@19.2.2/node_modules/@types/react",
      "link": true
    },
    "node_modules/@types/react-dom": {
      "resolved": "../node_modules/.pnpm/@types+react-dom@19.2.2_@types+react@19.2.2/node_modules/@types/react-dom",
      "link": true
    },
    "node_modules/astro": {
      "resolved": "../node_modules/.pnpm/astro@5.15.3_@types+node@24.9.1_jiti@2.6.1_rollup@4.52.5_typescript@5.9.3_yaml@2.8.1/node_modules/astro",
      "link": true
    },
    "node_modules/astro-portabletext": {
      "version": "0.11.3",
      "resolved": "https://registry.npmjs.org/astro-portabletext/-/astro-portabletext-0.11.3.tgz",
      "integrity": "sha512-KzQG91U4jOsL7FOhivmZIeJyW6pJLoKe7dUCUTbyzdKAfeZI0dVZmL50g97b/XGV7i3iymG5iEiC6R4AJfxtVg==",
      "license": "ISC",
      "dependencies": {
        "@portabletext/toolkit": "^3.0.1",
        "@portabletext/types": "^2.0.15"
      },
      "peerDependencies": {
        "astro": ">=4.6.0"
      }
    },
    "node_modules/astro-portabletext/node_modules/@portabletext/types": {
      "version": "2.0.15",
      "resolved": "https://registry.npmjs.org/@portabletext/types/-/types-2.0.15.tgz",
      "integrity": "sha512-2e6i2gSQsrA/5OL5Gm4/9bxB9MNO73Fa47zj+0mT93xkoQUCGCWX5fZh1YBJ86hszaRYlqvqG08oULxvvPPp/Q==",
      "license": "MIT",
      "engines": {
        "node": "^14.13.1 || >=16.0.0 || >=18.0.0"
      }
    },
    "node_modules/react": {
      "resolved": "../node_modules/.pnpm/react@19.2.0/node_modules/react",
      "link": true
    },
    "node_modules/react-dom": {
      "resolved": "../node_modules/.pnpm/react-dom@19.2.0_react@19.2.0/node_modules/react-dom",
      "link": true
    },
    "node_modules/react-is": {
      "resolved": "../node_modules/.pnpm/react-is@19.2.0/node_modules/react-is",
      "link": true
    },
    "node_modules/sanity": {
      "resolved": "../node_modules/.pnpm/sanity@4.13.0_@emotion+is-prop-valid@1.2.2_@portabletext+sanity-bridge@1.1.17_@sanity+s_a72fdade3400cb57d2fd0c59ce822cbe/node_modules/sanity",
      "link": true
    },
    "node_modules/styled-components": {
      "resolved": "../node_modules/.pnpm/styled-components@6.1.19_react-dom@19.2.0_react@19.2.0__react@19.2.0/node_modules/styled-components",
      "link": true
    }
  }
}
